<Solution>
  <Project Path="Ejercicio1/Ejercicio1.csproj" Id="9a06e79b-05dd-4542-9ae9-a80704fef57f" />
  <Project Path="Ejercicio2/Ejercicio2.csproj" Id="2e5321ab-db1b-47b8-b7ca-c5d365429697" />
  <Project Path="Ejercicio3/Ejercicio3.csproj" Id="beddf2a2-514b-4160-8a81-2aa4fef73c81" />
  <Project Path="Ejercicio4/Ejercicio4.csproj" Id="46f3ebb2-5dba-421e-b76e-cb6afe9bf14e" />
  <Project Path="Ejercicio5/Ejercicio5.csproj" Id="cbec198a-443b-42c2-a118-391b57b6b4a5" />
  <Project Path="Ejercicio6/Ejercicio6.csproj" Id="b187d3dc-2053-4f7f-8b60-3a909e19f532" />
  <Project Path="Ejercicio7/Ejercicio7.csproj" Id="c3568ea2-7c50-4837-9409-877089f3f6f4" />
  <Project Path="Ejercicio8/Ejercicio8.csproj" Id="082657ff-166e-4c3b-a5d6-8fe26a06c15c" />
</Solution>
