<Solution>
  <Project Path="Ejercicio1/Ejercicio1.csproj" Id="85b44913-14a7-452c-95f6-5a6a698998d3" />
  <Project Path="Ejercicio2/Ejercicio2.csproj" Id="7c2446c6-5887-41de-906a-1a650d6fb0de" />
  <Project Path="Ejercicio3/Ejercicio3.csproj" Id="5b2789eb-0461-4e30-8882-ca6383370d7e" />
  <Project Path="Ejercicio4/Ejercicio4.csproj" Id="20f8473e-e7ad-4970-8532-64818e3f5ebb" />
  <Project Path="Ejercicio5/Ejercicio5.csproj" Id="0c1a895a-facd-4db6-b1ec-2498ce92f277" />
  <Project Path="Ejercicio6/Ejercicio6.csproj" Id="3b3ad8f0-49a8-422e-a76c-288e286db2e6" />
</Solution>
